
Microsoft Visual Studio Solution File, Format Version 12.00
# Visual Studio 2013
VisualStudioVersion = 12.0.31101.0
MinimumVisualStudioVersion = 10.0.40219.1
Project("{FAE04EC0-301F-11D3-BF4B-00C04F79EFBC}") = "Splinter", "Splinter\Splinter.csproj", "{C2780CD6-FA70-4D1C-8ECF-A53FF2A7445E}"
	ProjectSection(ProjectDependencies) = postProject
		{50357A48-E309-4606-901B-03A35D84AFB0} = {50357A48-E309-4606-901B-03A35D84AFB0}
		{6A477967-BA47-4AC1-979F-58342F41BE12} = {6A477967-BA47-4AC1-979F-58342F41BE12}
	EndProjectSection
EndProject
Project("{FAE04EC0-301F-11D3-BF4B-00C04F79EFBC}") = "Splinter.TestRunner.MsTest", "Splinter.TestRunner.MSTest\Splinter.TestRunner.MsTest.csproj", "{6A477967-BA47-4AC1-979F-58342F41BE12}"
EndProject
Project("{FAE04EC0-301F-11D3-BF4B-00C04F79EFBC}") = "Splinter.Test.Subject.MSTest", "Splinter.Test.Subject.MSTest\Splinter.Test.Subject.MSTest.csproj", "{A22542A7-F213-4EF5-B265-9C5CA03105C3}"
EndProject
Project("{FAE04EC0-301F-11D3-BF4B-00C04F79EFBC}") = "Splinter.Test.Test.MSTest", "Splinter.Test.Test.MSTest\Splinter.Test.Test.MSTest.csproj", "{D731B87B-E20C-4173-8B0A-D63506C2C0E0}"
EndProject
Project("{2150E333-8FDC-42A3-9474-1A3956D46DE8}") = ".nuget", ".nuget", "{FC8AFF28-F2AA-4C28-90F6-D80C61899E1B}"
EndProject
Project("{FAE04EC0-301F-11D3-BF4B-00C04F79EFBC}") = "Splinter.Contracts", "Splinter.Contracts\Splinter.Contracts.csproj", "{1CF528D8-C0EC-4960-BD65-D0E4248225C4}"
EndProject
Project("{FAE04EC0-301F-11D3-BF4B-00C04F79EFBC}") = "Splinter.CoverageRunner.OpenCover", "Splinter.CoverageRunner.OpenCover\Splinter.CoverageRunner.OpenCover.csproj", "{50357A48-E309-4606-901B-03A35D84AFB0}"
EndProject
Project("{2150E333-8FDC-42A3-9474-1A3956D46DE8}") = "Subject", "Subject", "{BA1956ED-660E-4D47-B9EB-83D1A09C4641}"
EndProject
Project("{FAE04EC0-301F-11D3-BF4B-00C04F79EFBC}") = "Splinter.Test", "Splinter.Test\Splinter.Test.csproj", "{A64DEAD6-83E9-4474-BB39-AA030AD20887}"
EndProject
Project("{2150E333-8FDC-42A3-9474-1A3956D46DE8}") = "Test", "Test", "{8FA375FD-A2B5-4847-905B-017A8D3F0E01}"
EndProject
Project("{FAE04EC0-301F-11D3-BF4B-00C04F79EFBC}") = "Splinter.Utils", "Splinter.Utils\Splinter.Utils.csproj", "{7DDB4CA7-9BFE-48B7-A2F0-99DF8E654D72}"
EndProject
Project("{FAE04EC0-301F-11D3-BF4B-00C04F79EFBC}") = "Splinter.Utils.Test", "Splinter.Utils.Test\Splinter.Utils.Test.csproj", "{42B0E1F8-8D01-4820-A9A1-E4F96DFE93AB}"
EndProject
Global
	GlobalSection(SolutionConfigurationPlatforms) = preSolution
		Debug|Any CPU = Debug|Any CPU
		Release|Any CPU = Release|Any CPU
	EndGlobalSection
	GlobalSection(ProjectConfigurationPlatforms) = postSolution
		{C2780CD6-FA70-4D1C-8ECF-A53FF2A7445E}.Debug|Any CPU.ActiveCfg = Debug|Any CPU
		{C2780CD6-FA70-4D1C-8ECF-A53FF2A7445E}.Debug|Any CPU.Build.0 = Debug|Any CPU
		{C2780CD6-FA70-4D1C-8ECF-A53FF2A7445E}.Release|Any CPU.ActiveCfg = Release|Any CPU
		{C2780CD6-FA70-4D1C-8ECF-A53FF2A7445E}.Release|Any CPU.Build.0 = Release|Any CPU
		{6A477967-BA47-4AC1-979F-58342F41BE12}.Debug|Any CPU.ActiveCfg = Debug|Any CPU
		{6A477967-BA47-4AC1-979F-58342F41BE12}.Debug|Any CPU.Build.0 = Debug|Any CPU
		{6A477967-BA47-4AC1-979F-58342F41BE12}.Release|Any CPU.ActiveCfg = Release|Any CPU
		{6A477967-BA47-4AC1-979F-58342F41BE12}.Release|Any CPU.Build.0 = Release|Any CPU
		{A22542A7-F213-4EF5-B265-9C5CA03105C3}.Debug|Any CPU.ActiveCfg = Debug|Any CPU
		{A22542A7-F213-4EF5-B265-9C5CA03105C3}.Debug|Any CPU.Build.0 = Debug|Any CPU
		{A22542A7-F213-4EF5-B265-9C5CA03105C3}.Release|Any CPU.ActiveCfg = Release|Any CPU
		{A22542A7-F213-4EF5-B265-9C5CA03105C3}.Release|Any CPU.Build.0 = Release|Any CPU
		{D731B87B-E20C-4173-8B0A-D63506C2C0E0}.Debug|Any CPU.ActiveCfg = Debug|Any CPU
		{D731B87B-E20C-4173-8B0A-D63506C2C0E0}.Debug|Any CPU.Build.0 = Debug|Any CPU
		{D731B87B-E20C-4173-8B0A-D63506C2C0E0}.Release|Any CPU.ActiveCfg = Release|Any CPU
		{D731B87B-E20C-4173-8B0A-D63506C2C0E0}.Release|Any CPU.Build.0 = Release|Any CPU
		{1CF528D8-C0EC-4960-BD65-D0E4248225C4}.Debug|Any CPU.ActiveCfg = Debug|Any CPU
		{1CF528D8-C0EC-4960-BD65-D0E4248225C4}.Debug|Any CPU.Build.0 = Debug|Any CPU
		{1CF528D8-C0EC-4960-BD65-D0E4248225C4}.Release|Any CPU.ActiveCfg = Release|Any CPU
		{1CF528D8-C0EC-4960-BD65-D0E4248225C4}.Release|Any CPU.Build.0 = Release|Any CPU
		{50357A48-E309-4606-901B-03A35D84AFB0}.Debug|Any CPU.ActiveCfg = Debug|Any CPU
		{50357A48-E309-4606-901B-03A35D84AFB0}.Debug|Any CPU.Build.0 = Debug|Any CPU
		{50357A48-E309-4606-901B-03A35D84AFB0}.Release|Any CPU.ActiveCfg = Release|Any CPU
		{50357A48-E309-4606-901B-03A35D84AFB0}.Release|Any CPU.Build.0 = Release|Any CPU
		{A64DEAD6-83E9-4474-BB39-AA030AD20887}.Debug|Any CPU.ActiveCfg = Debug|Any CPU
		{A64DEAD6-83E9-4474-BB39-AA030AD20887}.Debug|Any CPU.Build.0 = Debug|Any CPU
		{A64DEAD6-83E9-4474-BB39-AA030AD20887}.Release|Any CPU.ActiveCfg = Release|Any CPU
		{A64DEAD6-83E9-4474-BB39-AA030AD20887}.Release|Any CPU.Build.0 = Release|Any CPU
		{7DDB4CA7-9BFE-48B7-A2F0-99DF8E654D72}.Debug|Any CPU.ActiveCfg = Debug|Any CPU
		{7DDB4CA7-9BFE-48B7-A2F0-99DF8E654D72}.Debug|Any CPU.Build.0 = Debug|Any CPU
		{7DDB4CA7-9BFE-48B7-A2F0-99DF8E654D72}.Release|Any CPU.ActiveCfg = Release|Any CPU
		{7DDB4CA7-9BFE-48B7-A2F0-99DF8E654D72}.Release|Any CPU.Build.0 = Release|Any CPU
		{42B0E1F8-8D01-4820-A9A1-E4F96DFE93AB}.Debug|Any CPU.ActiveCfg = Debug|Any CPU
		{42B0E1F8-8D01-4820-A9A1-E4F96DFE93AB}.Debug|Any CPU.Build.0 = Debug|Any CPU
		{42B0E1F8-8D01-4820-A9A1-E4F96DFE93AB}.Release|Any CPU.ActiveCfg = Release|Any CPU
		{42B0E1F8-8D01-4820-A9A1-E4F96DFE93AB}.Release|Any CPU.Build.0 = Release|Any CPU
	EndGlobalSection
	GlobalSection(SolutionProperties) = preSolution
		HideSolutionNode = FALSE
	EndGlobalSection
	GlobalSection(NestedProjects) = preSolution
		{A22542A7-F213-4EF5-B265-9C5CA03105C3} = {BA1956ED-660E-4D47-B9EB-83D1A09C4641}
		{D731B87B-E20C-4173-8B0A-D63506C2C0E0} = {BA1956ED-660E-4D47-B9EB-83D1A09C4641}
		{BA1956ED-660E-4D47-B9EB-83D1A09C4641} = {8FA375FD-A2B5-4847-905B-017A8D3F0E01}
		{A64DEAD6-83E9-4474-BB39-AA030AD20887} = {8FA375FD-A2B5-4847-905B-017A8D3F0E01}
		{42B0E1F8-8D01-4820-A9A1-E4F96DFE93AB} = {8FA375FD-A2B5-4847-905B-017A8D3F0E01}
	EndGlobalSection
EndGlobal
