
Microsoft Visual Studio Solution File, Format Version 12.00
# Visual Studio 2013
VisualStudioVersion = 12.0.31101.0
MinimumVisualStudioVersion = 10.0.40219.1
Project("{FAE04EC0-301F-11D3-BF4B-00C04F79EFBC}") = "Splinter", "Splinter\Splinter.csproj", "{C2780CD6-FA70-4D1C-8ECF-A53FF2A7445E}"
EndProject
Project("{FAE04EC0-301F-11D3-BF4B-00C04F79EFBC}") = "Splinter.Runner.MSTest", "Splinter.Runner.MSTest\Splinter.Runner.MSTest.csproj", "{6A477967-BA47-4AC1-979F-58342F41BE12}"
EndProject
Project("{FAE04EC0-301F-11D3-BF4B-00C04F79EFBC}") = "Splinter.Test.Subject.MSTest", "Splinter.Test.Subject.MSTest\Splinter.Test.Subject.MSTest.csproj", "{A22542A7-F213-4EF5-B265-9C5CA03105C3}"
EndProject
Project("{FAE04EC0-301F-11D3-BF4B-00C04F79EFBC}") = "Splinter.Test.Test.MSTest", "Splinter.Test.Test.MSTest\Splinter.Test.Test.MSTest.csproj", "{D731B87B-E20C-4173-8B0A-D63506C2C0E0}"
EndProject
Project("{2150E333-8FDC-42A3-9474-1A3956D46DE8}") = ".nuget", ".nuget", "{FC8AFF28-F2AA-4C28-90F6-D80C61899E1B}"
	ProjectSection(SolutionItems) = preProject
		.nuget\NuGet.Config = .nuget\NuGet.Config
		.nuget\NuGet.exe = .nuget\NuGet.exe
		.nuget\NuGet.targets = .nuget\NuGet.targets
	EndProjectSection
EndProject
Global
	GlobalSection(SolutionConfigurationPlatforms) = preSolution
		Debug|Any CPU = Debug|Any CPU
		Release|Any CPU = Release|Any CPU
	EndGlobalSection
	GlobalSection(ProjectConfigurationPlatforms) = postSolution
		{C2780CD6-FA70-4D1C-8ECF-A53FF2A7445E}.Debug|Any CPU.ActiveCfg = Debug|Any CPU
		{C2780CD6-FA70-4D1C-8ECF-A53FF2A7445E}.Debug|Any CPU.Build.0 = Debug|Any CPU
		{C2780CD6-FA70-4D1C-8ECF-A53FF2A7445E}.Release|Any CPU.ActiveCfg = Release|Any CPU
		{C2780CD6-FA70-4D1C-8ECF-A53FF2A7445E}.Release|Any CPU.Build.0 = Release|Any CPU
		{6A477967-BA47-4AC1-979F-58342F41BE12}.Debug|Any CPU.ActiveCfg = Debug|Any CPU
		{6A477967-BA47-4AC1-979F-58342F41BE12}.Debug|Any CPU.Build.0 = Debug|Any CPU
		{6A477967-BA47-4AC1-979F-58342F41BE12}.Release|Any CPU.ActiveCfg = Release|Any CPU
		{6A477967-BA47-4AC1-979F-58342F41BE12}.Release|Any CPU.Build.0 = Release|Any CPU
		{A22542A7-F213-4EF5-B265-9C5CA03105C3}.Debug|Any CPU.ActiveCfg = Debug|Any CPU
		{A22542A7-F213-4EF5-B265-9C5CA03105C3}.Debug|Any CPU.Build.0 = Debug|Any CPU
		{A22542A7-F213-4EF5-B265-9C5CA03105C3}.Release|Any CPU.ActiveCfg = Release|Any CPU
		{A22542A7-F213-4EF5-B265-9C5CA03105C3}.Release|Any CPU.Build.0 = Release|Any CPU
		{D731B87B-E20C-4173-8B0A-D63506C2C0E0}.Debug|Any CPU.ActiveCfg = Debug|Any CPU
		{D731B87B-E20C-4173-8B0A-D63506C2C0E0}.Debug|Any CPU.Build.0 = Debug|Any CPU
		{D731B87B-E20C-4173-8B0A-D63506C2C0E0}.Release|Any CPU.ActiveCfg = Release|Any CPU
		{D731B87B-E20C-4173-8B0A-D63506C2C0E0}.Release|Any CPU.Build.0 = Release|Any CPU
	EndGlobalSection
	GlobalSection(SolutionProperties) = preSolution
		HideSolutionNode = FALSE
	EndGlobalSection
EndGlobal
